// !$*UTF8*$!
{
	archiveVersion = 1;
	classes = {
	};
	objectVersion = 77;
	objects = {

/* Begin PBXBuildFile section */
		B733265E301C62E4001C8873 /* RealityKitContent in Frameworks */ = {isa = PBXBuildFile; productRef = B733265D301C62E4001C8873 /* RealityKitContent */; };
		B7332681301C636B001C8873 /* ImmersiveRPCKit in Frameworks */ = {isa = PBXBuildFile; productRef = B7332680301C636B001C8873 /* ImmersiveRPCKit */; };
		B733268530207E72001C8873 /* model3.usdz in Resources */ = {isa = PBXBuildFile; fileRef = B733268430207E72001C8873 /* model3.usdz */; };
		B733268730207E81001C8873 /* model3_sized_red.usdz in Resources */ = {isa = PBXBuildFile; fileRef = B733268630207E81001C8873 /* model3_sized_red.usdz */; };
		B7957F1C304A895600229EF6 /* model_tape_alt.usdz in Resources */ = {isa = PBXBuildFile; fileRef = B7957F1B304A895600229EF6 /* model_tape_alt.usdz */; };
		B7ACD2FC30344D6600C200C4 /* model_tape.usdz in Resources */ = {isa = PBXBuildFile; fileRef = B7ACD2FB30344D6600C200C4 /* model_tape.usdz */; };
		B7ACD2FE30344D7500C200C4 /* model_fab.usdz in Resources */ = {isa = PBXBuildFile; fileRef = B7ACD2FD30344D7500C200C4 /* model_fab.usdz */; };
		B7ACD3003034640300C200C4 /* model_bottole.usdz in Resources */ = {isa = PBXBuildFile; fileRef = B7ACD2FF3034640300C200C4 /* model_bottole.usdz */; };
/* End PBXBuildFile section */

/* Begin PBXContainerItemProxy section */
		B733266D301C62E6001C8873 /* PBXContainerItemProxy */ = {
			isa = PBXContainerItemProxy;
			containerPortal = B7332650301C62E4001C8873 /* Project object */;
			proxyType = 1;
			remoteGlobalIDString = B7332657301C62E4001C8873;
			remoteInfo = "aha-moment";
		};
/* End PBXContainerItemProxy section */

/* Begin PBXFileReference section */
		B7332658301C62E4001C8873 /* aha-moment.app */ = {isa = PBXFileReference; explicitFileType = wrapper.application; includeInIndex = 0; path = "aha-moment.app"; sourceTree = BUILT_PRODUCTS_DIR; };
		B733265C301C62E4001C8873 /* RealityKitContent */ = {isa = PBXFileReference; lastKnownFileType = wrapper; path = RealityKitContent; sourceTree = "<group>"; };
		B733266C301C62E6001C8873 /* aha-momentTests.xctest */ = {isa = PBXFileReference; explicitFileType = wrapper.cfbundle; includeInIndex = 0; path = "aha-momentTests.xctest"; sourceTree = BUILT_PRODUCTS_DIR; };
		B733268430207E72001C8873 /* model3.usdz */ = {isa = PBXFileReference; lastKnownFileType = file; path = model3.usdz; sourceTree = "<group>"; };
		B733268630207E81001C8873 /* model3_sized_red.usdz */ = {isa = PBXFileReference; lastKnownFileType = file; path = model3_sized_red.usdz; sourceTree = "<group>"; };
		B7957F1B304A895600229EF6 /* model_tape_alt.usdz */ = {isa = PBXFileReference; lastKnownFileType = file; path = model_tape_alt.usdz; sourceTree = "<group>"; };
		B7ACD2FB30344D6600C200C4 /* model_tape.usdz */ = {isa = PBXFileReference; lastKnownFileType = file; path = model_tape.usdz; sourceTree = "<group>"; };
		B7ACD2FD30344D7500C200C4 /* model_fab.usdz */ = {isa = PBXFileReference; lastKnownFileType = file; path = model_fab.usdz; sourceTree = "<group>"; };
		B7ACD2FF3034640300C200C4 /* model_bottole.usdz */ = {isa = PBXFileReference; lastKnownFileType = file; path = model_bottole.usdz; sourceTree = "<group>"; };
/* End PBXFileReference section */

/* Begin PBXFileSystemSynchronizedBuildFileExceptionSet section */
		B7332672301C62E6001C8873 /* Exceptions for "aha-moment" folder in "aha-moment" target */ = {
			isa = PBXFileSystemSynchronizedBuildFileExceptionSet;
			membershipExceptions = (
				Info.plist,
			);
			target = B7332657301C62E4001C8873 /* aha-moment */;
		};
/* End PBXFileSystemSynchronizedBuildFileExceptionSet section */

/* Begin PBXFileSystemSynchronizedRootGroup section */
		B733265A301C62E4001C8873 /* aha-moment */ = {
			isa = PBXFileSystemSynchronizedRootGroup;
			exceptions = (
				B7332672301C62E6001C8873 /* Exceptions for "aha-moment" folder in "aha-moment" target */,
			);
			path = "aha-moment";
			sourceTree = "<group>";
		};
		B733266F301C62E6001C8873 /* aha-momentTests */ = {
			isa = PBXFileSystemSynchronizedRootGroup;
			path = "aha-momentTests";
			sourceTree = "<group>";
		};
/* End PBXFileSystemSynchronizedRootGroup section */

/* Begin PBXFrameworksBuildPhase section */
		B7332655301C62E4001C8873 /* Frameworks */ = {
			isa = PBXFrameworksBuildPhase;
			buildActionMask = 2147483647;
			files = (
				B733265E301C62E4001C8873 /* RealityKitContent in Frameworks */,
				B7332681301C636B001C8873 /* ImmersiveRPCKit in Frameworks */,
			);
			runOnlyForDeploymentPostprocessing = 0;
		};
		B7332669301C62E6001C8873 /* Frameworks */ = {
			isa = PBXFrameworksBuildPhase;
			buildActionMask = 2147483647;
			files = (
			);
			runOnlyForDeploymentPostprocessing = 0;
		};
/* End PBXFrameworksBuildPhase section */

/* Begin PBXGroup section */
		B733264F301C62E4001C8873 = {
			isa = PBXGroup;
			children = (
				B733265A301C62E4001C8873 /* aha-moment */,
				B733265B301C62E4001C8873 /* Packages */,
				B733266F301C62E6001C8873 /* aha-momentTests */,
				B7332659301C62E4001C8873 /* Products */,
				B733268430207E72001C8873 /* model3.usdz */,
				B733268630207E81001C8873 /* model3_sized_red.usdz */,
				B7ACD2FB30344D6600C200C4 /* model_tape.usdz */,
				B7957F1B304A895600229EF6 /* model_tape_alt.usdz */,
				B7ACD2FD30344D7500C200C4 /* model_fab.usdz */,
				B7ACD2FF3034640300C200C4 /* model_bottole.usdz */,
			);
			sourceTree = "<group>";
		};
		B7332659301C62E4001C8873 /* Products */ = {
			isa = PBXGroup;
			children = (
				B7332658301C62E4001C8873 /* aha-moment.app */,
				B733266C301C62E6001C8873 /* aha-momentTests.xctest */,
			);
			name = Products;
			sourceTree = "<group>";
		};
		B733265B301C62E4001C8873 /* Packages */ = {
			isa = PBXGroup;
			children = (
				B733265C301C62E4001C8873 /* RealityKitContent */,
			);
			path = Packages;
			sourceTree = "<group>";
		};
/* End PBXGroup section */

/* Begin PBXNativeTarget section */
		B7332657301C62E4001C8873 /* aha-moment */ = {
			isa = PBXNativeTarget;
			buildConfigurationList = B7332673301C62E6001C8873 /* Build configuration list for PBXNativeTarget "aha-moment" */;
			buildPhases = (
				B7332654301C62E4001C8873 /* Sources */,
				B7332655301C62E4001C8873 /* Frameworks */,
				B7332656301C62E4001C8873 /* Resources */,
			);
			buildRules = (
			);
			dependencies = (
			);
			fileSystemSynchronizedGroups = (
				B733265A301C62E4001C8873 /* aha-moment */,
			);
			name = "aha-moment";
			packageProductDependencies = (
				B733265D301C62E4001C8873 /* RealityKitContent */,
				B7332680301C636B001C8873 /* ImmersiveRPCKit */,
			);
			productName = "aha-moment";
			productReference = B7332658301C62E4001C8873 /* aha-moment.app */;
			productType = "com.apple.product-type.application";
		};
		B733266B301C62E6001C8873 /* aha-momentTests */ = {
			isa = PBXNativeTarget;
			buildConfigurationList = B7332678301C62E6001C8873 /* Build configuration list for PBXNativeTarget "aha-momentTests" */;
			buildPhases = (
				B7332668301C62E6001C8873 /* Sources */,
				B7332669301C62E6001C8873 /* Frameworks */,
				B733266A301C62E6001C8873 /* Resources */,
			);
			buildRules = (
			);
			dependencies = (
				B733266E301C62E6001C8873 /* PBXTargetDependency */,
			);
			fileSystemSynchronizedGroups = (
				B733266F301C62E6001C8873 /* aha-momentTests */,
			);
			name = "aha-momentTests";
			packageProductDependencies = (
			);
			productName = "aha-momentTests";
			productReference = B733266C301C62E6001C8873 /* aha-momentTests.xctest */;
			productType = "com.apple.product-type.bundle.unit-test";
		};
/* End PBXNativeTarget section */

/* Begin PBXProject section */
		B7332650301C62E4001C8873 /* Project object */ = {
			isa = PBXProject;
			attributes = {
				BuildIndependentTargetsInParallel = 1;
				LastSwiftUpdateCheck = 2600;
				LastUpgradeCheck = 2600;
				TargetAttributes = {
					B7332657301C62E4001C8873 = {
						CreatedOnToolsVersion = 26.0.1;
					};
					B733266B301C62E6001C8873 = {
						CreatedOnToolsVersion = 26.0.1;
						TestTargetID = B7332657301C62E4001C8873;
					};
				};
			};
			buildConfigurationList = B7332653301C62E4001C8873 /* Build configuration list for PBXProject "aha-moment" */;
			developmentRegion = en;
			hasScannedForEncodings = 0;
			knownRegions = (
				en,
				Base,
			);
			mainGroup = B733264F301C62E4001C8873;
			minimizedProjectReferenceProxies = 1;
			packageReferences = (
				B733267F301C636B001C8873 /* XCRemoteSwiftPackageReference "ImmersiveRPCKit" */,
			);
			preferredProjectObjectVersion = 77;
			productRefGroup = B7332659301C62E4001C8873 /* Products */;
			projectDirPath = "";
			projectRoot = "";
			targets = (
				B7332657301C62E4001C8873 /* aha-moment */,
				B733266B301C62E6001C8873 /* aha-momentTests */,
			);
		};
/* End PBXProject section */

/* Begin PBXResourcesBuildPhase section */
		B7332656301C62E4001C8873 /* Resources */ = {
			isa = PBXResourcesBuildPhase;
			buildActionMask = 2147483647;
			files = (
				B7957F1C304A895600229EF6 /* model_tape_alt.usdz in Resources */,
				B7ACD3003034640300C200C4 /* model_bottole.usdz in Resources */,
				B7ACD2FC30344D6600C200C4 /* model_tape.usdz in Resources */,
				B733268730207E81001C8873 /* model3_sized_red.usdz in Resources */,
				B733268530207E72001C8873 /* model3.usdz in Resources */,
				B7ACD2FE30344D7500C200C4 /* model_fab.usdz in Resources */,
			);
			runOnlyForDeploymentPostprocessing = 0;
		};
		B733266A301C62E6001C8873 /* Resources */ = {
			isa = PBXResourcesBuildPhase;
			buildActionMask = 2147483647;
			files = (
			);
			runOnlyForDeploymentPostprocessing = 0;
		};
/* End PBXResourcesBuildPhase section */

/* Begin PBXSourcesBuildPhase section */
		B7332654301C62E4001C8873 /* Sources */ = {
			isa = PBXSourcesBuildPhase;
			buildActionMask = 2147483647;
			files = (
			);
			runOnlyForDeploymentPostprocessing = 0;
		};
		B7332668301C62E6001C8873 /* Sources */ = {
			isa = PBXSourcesBuildPhase;
			buildActionMask = 2147483647;
			files = (
			);
			runOnlyForDeploymentPostprocessing = 0;
		};
/* End PBXSourcesBuildPhase section */

/* Begin PBXTargetDependency section */
		B733266E301C62E6001C8873 /* PBXTargetDependency */ = {
			isa = PBXTargetDependency;
			target = B7332657301C62E4001C8873 /* aha-moment */;
			targetProxy = B733266D301C62E6001C8873 /* PBXContainerItemProxy */;
		};
/* End PBXTargetDependency section */

/* Begin XCBuildConfiguration section */
		B7332674301C62E6001C8873 /* Debug */ = {
			isa = XCBuildConfiguration;
			buildSettings = {
				ASSETCATALOG_COMPILER_APPICON_NAME = AppIcon;
				ASSETCATALOG_COMPILER_GLOBAL_ACCENT_COLOR_NAME = AccentColor;
				CODE_SIGN_STYLE = Automatic;
				CURRENT_PROJECT_VERSION = 1;
				DEVELOPMENT_TEAM = 8V93G3Y2W5;
				ENABLE_PREVIEWS = YES;
				GENERATE_INFOPLIST_FILE = YES;
				INFOPLIST_FILE = "$(TARGET_NAME)/Info.plist";
				INFOPLIST_KEY_NSHandsTrackingUsageDescription = "\"座標共有のために手の位置を使用します\"";
				INFOPLIST_KEY_NSLocalNetworkUsageDescription = "\"近くのデバイスと通信するために使用します\"";
				LD_RUNPATH_SEARCH_PATHS = (
					"$(inherited)",
					"@executable_path/Frameworks",
				);
				MARKETING_VERSION = 1.0;
				PRODUCT_BUNDLE_IDENTIFIER = "net.kajilab.aha-moment";
				PRODUCT_NAME = "$(TARGET_NAME)";
				STRING_CATALOG_GENERATE_SYMBOLS = YES;
				SUPPORTED_PLATFORMS = "xros xrsimulator";
				SWIFT_APPROACHABLE_CONCURRENCY = YES;
				SWIFT_DEFAULT_ACTOR_ISOLATION = MainActor;
				SWIFT_EMIT_LOC_STRINGS = YES;
				SWIFT_UPCOMING_FEATURE_MEMBER_IMPORT_VISIBILITY = YES;
				SWIFT_VERSION = 5.0;
				TARGETED_DEVICE_FAMILY = 7;
			};
			name = Debug;
		};
		B7332675301C62E6001C8873 /* Release */ = {
			isa = XCBuildConfiguration;
			buildSettings = {
				ASSETCATALOG_COMPILER_APPICON_NAME = AppIcon;
				ASSETCATALOG_COMPILER_GLOBAL_ACCENT_COLOR_NAME = AccentColor;
				CODE_SIGN_STYLE = Automatic;
				CURRENT_PROJECT_VERSION = 1;
				DEVELOPMENT_TEAM = 8V93G3Y2W5;
				ENABLE_PREVIEWS = YES;
				GENERATE_INFOPLIST_FILE = YES;
				INFOPLIST_FILE = "$(TARGET_NAME)/Info.plist";
				INFOPLIST_KEY_NSHandsTrackingUsageDescription = "\"座標共有のために手の位置を使用します\"";
				INFOPLIST_KEY_NSLocalNetworkUsageDescription = "\"近くのデバイスと通信するために使用します\"";
				LD_RUNPATH_SEARCH_PATHS = (
					"$(inherited)",
					"@executable_path/Frameworks",
				);
				MARKETING_VERSION = 1.0;
				PRODUCT_BUNDLE_IDENTIFIER = "net.kajilab.aha-moment";
				PRODUCT_NAME = "$(TARGET_NAME)";
				STRING_CATALOG_GENERATE_SYMBOLS = YES;
				SUPPORTED_PLATFORMS = "xros xrsimulator";
				SWIFT_APPROACHABLE_CONCURRENCY = YES;
				SWIFT_DEFAULT_ACTOR_ISOLATION = MainActor;
				SWIFT_EMIT_LOC_STRINGS = YES;
				SWIFT_UPCOMING_FEATURE_MEMBER_IMPORT_VISIBILITY = YES;
				SWIFT_VERSION = 5.0;
				TARGETED_DEVICE_FAMILY = 7;
			};
			name = Release;
		};
		B7332676301C62E6001C8873 /* Debug */ = {
			isa = XCBuildConfiguration;
			buildSettings = {
				ALWAYS_SEARCH_USER_PATHS = NO;
				ASSETCATALOG_COMPILER_GENERATE_SWIFT_ASSET_SYMBOL_EXTENSIONS = YES;
				CLANG_ANALYZER_NONNULL = YES;
				CLANG_ANALYZER_NUMBER_OBJECT_CONVERSION = YES_AGGRESSIVE;
				CLANG_CXX_LANGUAGE_STANDARD = "gnu++20";
				CLANG_ENABLE_MODULES = YES;
				CLANG_ENABLE_OBJC_ARC = YES;
				CLANG_ENABLE_OBJC_WEAK = YES;
				CLANG_WARN_BLOCK_CAPTURE_AUTORELEASING = YES;
				CLANG_WARN_BOOL_CONVERSION = YES;
				CLANG_WARN_COMMA = YES;
				CLANG_WARN_CONSTANT_CONVERSION = YES;
				CLANG_WARN_DEPRECATED_OBJC_IMPLEMENTATIONS = YES;
				CLANG_WARN_DIRECT_OBJC_ISA_USAGE = YES_ERROR;
				CLANG_WARN_DOCUMENTATION_COMMENTS = YES;
				CLANG_WARN_EMPTY_BODY = YES;
				CLANG_WARN_ENUM_CONVERSION = YES;
				CLANG_WARN_INFINITE_RECURSION = YES;
				CLANG_WARN_INT_CONVERSION = YES;
				CLANG_WARN_NON_LITERAL_NULL_CONVERSION = YES;
				CLANG_WARN_OBJC_IMPLICIT_RETAIN_SELF = YES;
				CLANG_WARN_OBJC_LITERAL_CONVERSION = YES;
				CLANG_WARN_OBJC_ROOT_CLASS = YES_ERROR;
				CLANG_WARN_QUOTED_INCLUDE_IN_FRAMEWORK_HEADER = YES;
				CLANG_WARN_RANGE_LOOP_ANALYSIS = YES;
				CLANG_WARN_STRICT_PROTOTYPES = YES;
				CLANG_WARN_SUSPICIOUS_MOVE = YES;
				CLANG_WARN_UNGUARDED_AVAILABILITY = YES_AGGRESSIVE;
				CLANG_WARN_UNREACHABLE_CODE = YES;
				CLANG_WARN__DUPLICATE_METHOD_MATCH = YES;
				COPY_PHASE_STRIP = NO;
				DEBUG_INFORMATION_FORMAT = dwarf;
				DEVELOPMENT_TEAM = 8V93G3Y2W5;
				ENABLE_STRICT_OBJC_MSGSEND = YES;
				ENABLE_TESTABILITY = YES;
				ENABLE_USER_SCRIPT_SANDBOXING = YES;
				GCC_C_LANGUAGE_STANDARD = gnu17;
				GCC_DYNAMIC_NO_PIC = NO;
				GCC_NO_COMMON_BLOCKS = YES;
				GCC_OPTIMIZATION_LEVEL = 0;
				GCC_PREPROCESSOR_DEFINITIONS = (
					"DEBUG=1",
					"$(inherited)",
				);
				GCC_WARN_64_TO_32_BIT_CONVERSION = YES;
				GCC_WARN_ABOUT_RETURN_TYPE = YES_ERROR;
				GCC_WARN_UNDECLARED_SELECTOR = YES;
				GCC_WARN_UNINITIALIZED_AUTOS = YES_AGGRESSIVE;
				GCC_WARN_UNUSED_FUNCTION = YES;
				GCC_WARN_UNUSED_VARIABLE = YES;
				LOCALIZATION_PREFERS_STRING_CATALOGS = YES;
				MTL_ENABLE_DEBUG_INFO = INCLUDE_SOURCE;
				MTL_FAST_MATH = YES;
				ONLY_ACTIVE_ARCH = YES;
				SDKROOT = xros;
				SWIFT_ACTIVE_COMPILATION_CONDITIONS = "DEBUG $(inherited)";
				SWIFT_OPTIMIZATION_LEVEL = "-Onone";
				XROS_DEPLOYMENT_TARGET = 26.0;
			};
			name = Debug;
		};
		B7332677301C62E6001C8873 /* Release */ = {
			isa = XCBuildConfiguration;
			buildSettings = {
				ALWAYS_SEARCH_USER_PATHS = NO;
				ASSETCATALOG_COMPILER_GENERATE_SWIFT_ASSET_SYMBOL_EXTENSIONS = YES;
				CLANG_ANALYZER_NONNULL = YES;
				CLANG_ANALYZER_NUMBER_OBJECT_CONVERSION = YES_AGGRESSIVE;
				CLANG_CXX_LANGUAGE_STANDARD = "gnu++20";
				CLANG_ENABLE_MODULES = YES;
				CLANG_ENABLE_OBJC_ARC = YES;
				CLANG_ENABLE_OBJC_WEAK = YES;
				CLANG_WARN_BLOCK_CAPTURE_AUTORELEASING = YES;
				CLANG_WARN_BOOL_CONVERSION = YES;
				CLANG_WARN_COMMA = YES;
				CLANG_WARN_CONSTANT_CONVERSION = YES;
				CLANG_WARN_DEPRECATED_OBJC_IMPLEMENTATIONS = YES;
				CLANG_WARN_DIRECT_OBJC_ISA_USAGE = YES_ERROR;
				CLANG_WARN_DOCUMENTATION_COMMENTS = YES;
				CLANG_WARN_EMPTY_BODY = YES;
				CLANG_WARN_ENUM_CONVERSION = YES;
				CLANG_WARN_INFINITE_RECURSION = YES;
				CLANG_WARN_INT_CONVERSION = YES;
				CLANG_WARN_NON_LITERAL_NULL_CONVERSION = YES;
				CLANG_WARN_OBJC_IMPLICIT_RETAIN_SELF = YES;
				CLANG_WARN_OBJC_LITERAL_CONVERSION = YES;
				CLANG_WARN_OBJC_ROOT_CLASS = YES_ERROR;
				CLANG_WARN_QUOTED_INCLUDE_IN_FRAMEWORK_HEADER = YES;
				CLANG_WARN_RANGE_LOOP_ANALYSIS = YES;
				CLANG_WARN_STRICT_PROTOTYPES = YES;
				CLANG_WARN_SUSPICIOUS_MOVE = YES;
				CLANG_WARN_UNGUARDED_AVAILABILITY = YES_AGGRESSIVE;
				CLANG_WARN_UNREACHABLE_CODE = YES;
				CLANG_WARN__DUPLICATE_METHOD_MATCH = YES;
				COPY_PHASE_STRIP = NO;
				DEBUG_INFORMATION_FORMAT = "dwarf-with-dsym";
				DEVELOPMENT_TEAM = 8V93G3Y2W5;
				ENABLE_NS_ASSERTIONS = NO;
				ENABLE_STRICT_OBJC_MSGSEND = YES;
				ENABLE_USER_SCRIPT_SANDBOXING = YES;
				GCC_C_LANGUAGE_STANDARD = gnu17;
				GCC_NO_COMMON_BLOCKS = YES;
				GCC_WARN_64_TO_32_BIT_CONVERSION = YES;
				GCC_WARN_ABOUT_RETURN_TYPE = YES_ERROR;
				GCC_WARN_UNDECLARED_SELECTOR = YES;
				GCC_WARN_UNINITIALIZED_AUTOS = YES_AGGRESSIVE;
				GCC_WARN_UNUSED_FUNCTION = YES;
				GCC_WARN_UNUSED_VARIABLE = YES;
				LOCALIZATION_PREFERS_STRING_CATALOGS = YES;
				MTL_ENABLE_DEBUG_INFO = NO;
				MTL_FAST_MATH = YES;
				SDKROOT = xros;
				SWIFT_COMPILATION_MODE = wholemodule;
				VALIDATE_PRODUCT = YES;
				XROS_DEPLOYMENT_TARGET = 26.0;
			};
			name = Release;
		};
		B7332679301C62E6001C8873 /* Debug */ = {
			isa = XCBuildConfiguration;
			buildSettings = {
				BUNDLE_LOADER = "$(TEST_HOST)";
				CODE_SIGN_STYLE = Automatic;
				CURRENT_PROJECT_VERSION = 1;
				DEVELOPMENT_TEAM = 8V93G3Y2W5;
				GENERATE_INFOPLIST_FILE = YES;
				MARKETING_VERSION = 1.0;
				PRODUCT_BUNDLE_IDENTIFIER = "net.kajilab.aha-momentTests";
				PRODUCT_NAME = "$(TARGET_NAME)";
				STRING_CATALOG_GENERATE_SYMBOLS = NO;
				SUPPORTED_PLATFORMS = "xros xrsimulator";
				SWIFT_APPROACHABLE_CONCURRENCY = YES;
				SWIFT_EMIT_LOC_STRINGS = NO;
				SWIFT_UPCOMING_FEATURE_MEMBER_IMPORT_VISIBILITY = YES;
				SWIFT_VERSION = 5.0;
				TARGETED_DEVICE_FAMILY = 7;
				TEST_HOST = "$(BUILT_PRODUCTS_DIR)/aha-moment.app/$(BUNDLE_EXECUTABLE_FOLDER_PATH)/aha-moment";
				XROS_DEPLOYMENT_TARGET = 26.0;
			};
			name = Debug;
		};
		B733267A301C62E6001C8873 /* Release */ = {
			isa = XCBuildConfiguration;
			buildSettings = {
				BUNDLE_LOADER = "$(TEST_HOST)";
				CODE_SIGN_STYLE = Automatic;
				CURRENT_PROJECT_VERSION = 1;
				DEVELOPMENT_TEAM = 8V93G3Y2W5;
				GENERATE_INFOPLIST_FILE = YES;
				MARKETING_VERSION = 1.0;
				PRODUCT_BUNDLE_IDENTIFIER = "net.kajilab.aha-momentTests";
				PRODUCT_NAME = "$(TARGET_NAME)";
				STRING_CATALOG_GENERATE_SYMBOLS = NO;
				SUPPORTED_PLATFORMS = "xros xrsimulator";
				SWIFT_APPROACHABLE_CONCURRENCY = YES;
				SWIFT_EMIT_LOC_STRINGS = NO;
				SWIFT_UPCOMING_FEATURE_MEMBER_IMPORT_VISIBILITY = YES;
				SWIFT_VERSION = 5.0;
				TARGETED_DEVICE_FAMILY = 7;
				TEST_HOST = "$(BUILT_PRODUCTS_DIR)/aha-moment.app/$(BUNDLE_EXECUTABLE_FOLDER_PATH)/aha-moment";
				XROS_DEPLOYMENT_TARGET = 26.0;
			};
			name = Release;
		};
/* End XCBuildConfiguration section */

/* Begin XCConfigurationList section */
		B7332653301C62E4001C8873 /* Build configuration list for PBXProject "aha-moment" */ = {
			isa = XCConfigurationList;
			buildConfigurations = (
				B7332676301C62E6001C8873 /* Debug */,
				B7332677301C62E6001C8873 /* Release */,
			);
			defaultConfigurationIsVisible = 0;
			defaultConfigurationName = Release;
		};
		B7332673301C62E6001C8873 /* Build configuration list for PBXNativeTarget "aha-moment" */ = {
			isa = XCConfigurationList;
			buildConfigurations = (
				B7332674301C62E6001C8873 /* Debug */,
				B7332675301C62E6001C8873 /* Release */,
			);
			defaultConfigurationIsVisible = 0;
			defaultConfigurationName = Release;
		};
		B7332678301C62E6001C8873 /* Build configuration list for PBXNativeTarget "aha-momentTests" */ = {
			isa = XCConfigurationList;
			buildConfigurations = (
				B7332679301C62E6001C8873 /* Debug */,
				B733267A301C62E6001C8873 /* Release */,
			);
			defaultConfigurationIsVisible = 0;
			defaultConfigurationName = Release;
		};
/* End XCConfigurationList section */

/* Begin XCRemoteSwiftPackageReference section */
		B733267F301C636B001C8873 /* XCRemoteSwiftPackageReference "ImmersiveRPCKit" */ = {
			isa = XCRemoteSwiftPackageReference;
			repositoryURL = "https://github.com/kanakanho/ImmersiveRPCKit";
			requirement = {
				branch = main;
				kind = branch;
			};
		};
/* End XCRemoteSwiftPackageReference section */

/* Begin XCSwiftPackageProductDependency section */
		B733265D301C62E4001C8873 /* RealityKitContent */ = {
			isa = XCSwiftPackageProductDependency;
			productName = RealityKitContent;
		};
		B7332680301C636B001C8873 /* ImmersiveRPCKit */ = {
			isa = XCSwiftPackageProductDependency;
			package = B733267F301C636B001C8873 /* XCRemoteSwiftPackageReference "ImmersiveRPCKit" */;
			productName = ImmersiveRPCKit;
		};
/* End XCSwiftPackageProductDependency section */
	};
	rootObject = B7332650301C62E4001C8873 /* Project object */;
}
